
Microsoft Visual Studio Solution File, Format Version 12.00
# Visual Studio 14
VisualStudioVersion = 14.0.25420.1
MinimumVisualStudioVersion = 10.0.40219.1
Project("{FAE04EC0-301F-11D3-BF4B-00C04F79EFBC}") = "UI", "UI\UI.csproj", "{E2C235A7-AE7D-4273-86C0-3D4291D8EA05}"
EndProject
Project("{FAE04EC0-301F-11D3-BF4B-00C04F79EFBC}") = "Core", "Core\Core.csproj", "{76DC37BE-E0B5-4A3B-BAE1-53CEDC31B3F2}"
EndProject
Global
	GlobalSection(SolutionConfigurationPlatforms) = preSolution
		Debug|Any CPU = Debug|Any CPU
		Release|Any CPU = Release|Any CPU
	EndGlobalSection
	GlobalSection(ProjectConfigurationPlatforms) = postSolution
		{E2C235A7-AE7D-4273-86C0-3D4291D8EA05}.Debug|Any CPU.ActiveCfg = Debug|Any CPU
		{E2C235A7-AE7D-4273-86C0-3D4291D8EA05}.Debug|Any CPU.Build.0 = Debug|Any CPU
		{E2C235A7-AE7D-4273-86C0-3D4291D8EA05}.Release|Any CPU.ActiveCfg = Release|Any CPU
		{E2C235A7-AE7D-4273-86C0-3D4291D8EA05}.Release|Any CPU.Build.0 = Release|Any CPU
		{76DC37BE-E0B5-4A3B-BAE1-53CEDC31B3F2}.Debug|Any CPU.ActiveCfg = Debug|Any CPU
		{76DC37BE-E0B5-4A3B-BAE1-53CEDC31B3F2}.Debug|Any CPU.Build.0 = Debug|Any CPU
		{76DC37BE-E0B5-4A3B-BAE1-53CEDC31B3F2}.Release|Any CPU.ActiveCfg = Release|Any CPU
		{76DC37BE-E0B5-4A3B-BAE1-53CEDC31B3F2}.Release|Any CPU.Build.0 = Release|Any CPU
	EndGlobalSection
	GlobalSection(SolutionProperties) = preSolution
		HideSolutionNode = FALSE
	EndGlobalSection
EndGlobal
