
Microsoft Visual Studio Solution File, Format Version 12.00
# Visual Studio 15
VisualStudioVersion = 15.0.28307.902
MinimumVisualStudioVersion = 10.0.40219.1
Project("{FAE04EC0-301F-11D3-BF4B-00C04F79EFBC}") = "BusinessLogic", "BusinessLogic\BusinessLogic.csproj", "{3D3CED45-1B9E-480D-BAD9-F60BAA6D79CB}"
EndProject
Project("{FAE04EC0-301F-11D3-BF4B-00C04F79EFBC}") = "WindowsForms", "WindowsForms\WindowsForms.csproj", "{55F66126-056E-40A6-9735-CE9672FA3342}"
EndProject
Global
	GlobalSection(SolutionConfigurationPlatforms) = preSolution
		Debug|Any CPU = Debug|Any CPU
		Release|Any CPU = Release|Any CPU
	EndGlobalSection
	GlobalSection(ProjectConfigurationPlatforms) = postSolution
		{3D3CED45-1B9E-480D-BAD9-F60BAA6D79CB}.Debug|Any CPU.ActiveCfg = Debug|Any CPU
		{3D3CED45-1B9E-480D-BAD9-F60BAA6D79CB}.Debug|Any CPU.Build.0 = Debug|Any CPU
		{3D3CED45-1B9E-480D-BAD9-F60BAA6D79CB}.Release|Any CPU.ActiveCfg = Release|Any CPU
		{3D3CED45-1B9E-480D-BAD9-F60BAA6D79CB}.Release|Any CPU.Build.0 = Release|Any CPU
		{55F66126-056E-40A6-9735-CE9672FA3342}.Debug|Any CPU.ActiveCfg = Debug|Any CPU
		{55F66126-056E-40A6-9735-CE9672FA3342}.Debug|Any CPU.Build.0 = Debug|Any CPU
		{55F66126-056E-40A6-9735-CE9672FA3342}.Release|Any CPU.ActiveCfg = Release|Any CPU
		{55F66126-056E-40A6-9735-CE9672FA3342}.Release|Any CPU.Build.0 = Release|Any CPU
	EndGlobalSection
	GlobalSection(SolutionProperties) = preSolution
		HideSolutionNode = FALSE
	EndGlobalSection
	GlobalSection(ExtensibilityGlobals) = postSolution
		SolutionGuid = {AC5F1540-240E-4A42-B64C-43F0E06F4D48}
	EndGlobalSection
EndGlobal
